{
  "name": "4.9",
  "lockfileVersion": 2,
  "requires": true,
  "packages": {
    "": {
      "dependencies": {
        "types-registry": "^0.1.622"
      }
    },
    "node_modules/types-registry": {
      "version": "0.1.622",
      "resolved": "https://registry.npmjs.org/types-registry/-/types-registry-0.1.622.tgz",
      "integrity": "sha512-d/sU1piD/OJ00p5H6WP/ABpz02+1ix48bGvQW1LdpI/Ks+ro7MjOhosp4rEK6nEVtvhPTOvIyhp6kFVpZas5iQ=="
    }
  },
  "dependencies": {
    "types-registry": {
      "version": "0.1.622",
      "resolved": "https://registry.npmjs.org/types-registry/-/types-registry-0.1.622.tgz",
      "integrity": "sha512-d/sU1piD/OJ00p5H6WP/ABpz02+1ix48bGvQW1LdpI/Ks+ro7MjOhosp4rEK6nEVtvhPTOvIyhp6kFVpZas5iQ=="
    }
  }
}
